
Microsoft Visual Studio Solution File, Format Version 12.00
# Visual Studio Version 17
VisualStudioVersion = 17.8.34330.188
MinimumVisualStudioVersion = 10.0.40219.1
Project("{FAE04EC0-301F-11D3-BF4B-00C04F79EFBC}") = "BinarySearch", "BinarySearch\BinarySearch.csproj", "{ED7FADA3-0506-4758-95AA-FF5CFEEC8D18}"
EndProject
Project("{FAE04EC0-301F-11D3-BF4B-00C04F79EFBC}") = "BinarySearchAgnostic", "BinarySearchAgnostic\BinarySearchAgnostic.csproj", "{17D3EDB4-CAB5-47A2-8B48-938BEC10E0AF}"
EndProject
Project("{2150E333-8FDC-42A3-9474-1A3956D46DE8}") = "01. BinarySearch", "01. BinarySearch", "{4A259368-DA16-4ED1-BAF5-DD7CFBB37BBA}"
EndProject
Project("{FAE04EC0-301F-11D3-BF4B-00C04F79EFBC}") = "InfiniteArray", "InfiniteArray\InfiniteArray.csproj", "{63B7CA9A-E51D-490D-A6BB-6DF47D077206}"
EndProject
Project("{FAE04EC0-301F-11D3-BF4B-00C04F79EFBC}") = "PeakIndexInMountainArr", "PeakIndexInMountainArr\PeakIndexInMountainArr.csproj", "{3CA8479D-2B91-4379-BA44-456ADE795EFD}"
EndProject
Project("{FAE04EC0-301F-11D3-BF4B-00C04F79EFBC}") = "121. BestTimeToSell", "121. BestTimeToSell\121. BestTimeToSell.csproj", "{0A14AFB4-CD77-4B2F-A778-F27477A2694C}"
EndProject
Project("{2150E333-8FDC-42A3-9474-1A3956D46DE8}") = "02. Arrays", "02. Arrays", "{C4A06814-DCEF-4B18-B424-42BE079617C0}"
EndProject
Project("{FAE04EC0-301F-11D3-BF4B-00C04F79EFBC}") = "SearchIn2DArr", "SearchIn2DArr\SearchIn2DArr.csproj", "{17F49865-3536-49B7-9853-87E0464A973A}"
EndProject
Project("{FAE04EC0-301F-11D3-BF4B-00C04F79EFBC}") = "SearchInMountArr", "SearchInMountArr\SearchInMountArr.csproj", "{D3955212-C517-4D60-ADCF-1E5452840A06}"
EndProject
Project("{2150E333-8FDC-42A3-9474-1A3956D46DE8}") = "03. Recursion", "03. Recursion", "{89FD3299-2A15-4A13-90F1-0EDECA8295D1}"
EndProject
Project("{2150E333-8FDC-42A3-9474-1A3956D46DE8}") = "Sorting", "Sorting", "{C68953A7-9DAE-493E-A13E-A599D23AD06C}"
EndProject
Project("{FAE04EC0-301F-11D3-BF4B-00C04F79EFBC}") = "QuickSort", "QuickSort\QuickSort.csproj", "{B507B7FC-E857-45A5-B6F3-B2244AB4195A}"
EndProject
Project("{FAE04EC0-301F-11D3-BF4B-00C04F79EFBC}") = "MergeSort", "MergeSort\MergeSort.csproj", "{FE093392-1B64-4F50-ACAE-8CA55FF9994E}"
EndProject
Project("{2150E333-8FDC-42A3-9474-1A3956D46DE8}") = "Strings", "Strings", "{5C10BF47-FE07-4309-847C-E229F8790C27}"
EndProject
Project("{FAE04EC0-301F-11D3-BF4B-00C04F79EFBC}") = "Dices", "Dices\Dices.csproj", "{9E9E1332-0F3F-4556-BA4F-5C5C39F40196}"
EndProject
Project("{FAE04EC0-301F-11D3-BF4B-00C04F79EFBC}") = "Permutations", "Permutations\Permutations.csproj", "{9D612F97-DB54-43CB-85EF-395B35C2C4B9}"
EndProject
Project("{FAE04EC0-301F-11D3-BF4B-00C04F79EFBC}") = "17. LetterCombinations", "17. LetterCombinations\17. LetterCombinations.csproj", "{00032233-CFBC-45B8-B19F-123816A1B4B6}"
EndProject
Project("{FAE04EC0-301F-11D3-BF4B-00C04F79EFBC}") = "Skipping", "Skipping\Skipping.csproj", "{A35AF6CB-8F4C-4FE3-983B-E538EC3AB127}"
EndProject
Project("{2150E333-8FDC-42A3-9474-1A3956D46DE8}") = "04. DynamicProgramming", "04. DynamicProgramming", "{B60B1EAB-10F5-4ABE-9F76-22C568E55163}"
EndProject
Project("{FAE04EC0-301F-11D3-BF4B-00C04F79EFBC}") = "fib", "fib\fib.csproj", "{63B475F8-8681-4DF5-814A-3C0FE25C5E95}"
EndProject
Project("{FAE04EC0-301F-11D3-BF4B-00C04F79EFBC}") = "GridTravel", "GridTravel\GridTravel.csproj", "{82536E35-A624-4B09-A21E-84E33634ABB4}"
EndProject
Project("{FAE04EC0-301F-11D3-BF4B-00C04F79EFBC}") = "Can Sum", "Can Sum\Can Sum.csproj", "{7E87BF2A-773D-49F5-B670-4A0B339B47FC}"
EndProject
Project("{FAE04EC0-301F-11D3-BF4B-00C04F79EFBC}") = "cansum-fcc", "cansum-fcc\cansum-fcc.csproj", "{AF4C5847-4027-46F1-9E4E-36B520544B9D}"
EndProject
Project("{FAE04EC0-301F-11D3-BF4B-00C04F79EFBC}") = "How Sum", "How Sum\How Sum.csproj", "{BC0F8465-6D05-47C5-A518-BFC8E52D24FA}"
EndProject
Project("{FAE04EC0-301F-11D3-BF4B-00C04F79EFBC}") = "169.  Majority Element", "169.  Majority Element\169.  Majority Element.csproj", "{EA4D97ED-DBCB-4604-A0B9-48FFAD08EFAC}"
EndProject
Project("{FAE04EC0-301F-11D3-BF4B-00C04F79EFBC}") = "217. ContainsDuplicate", "ContainsDuplicate\217. ContainsDuplicate.csproj", "{9322822F-5D6A-45E9-AA88-EEE5548FE60C}"
EndProject
Project("{FAE04EC0-301F-11D3-BF4B-00C04F79EFBC}") = "242. IsAnagram", "242. IsAnagram\242. IsAnagram.csproj", "{4F4F8EB6-AC94-4559-9C58-D9DDD974D815}"
EndProject
Project("{2150E333-8FDC-42A3-9474-1A3956D46DE8}") = "05. Graphs", "05. Graphs", "{E105DBEC-2B57-4AA2-AF9A-8AC454CE3373}"
EndProject
Project("{FAE04EC0-301F-11D3-BF4B-00C04F79EFBC}") = "Depth First Traversal", "Depth First Traversal\Depth First Traversal.csproj", "{014DB239-7AB0-4CAC-8C3F-E9294FDFC6B3}"
EndProject
Project("{FAE04EC0-301F-11D3-BF4B-00C04F79EFBC}") = "Breath First Traversal", "Breath First Traversal\Breath First Traversal.csproj", "{AA6D7116-75A7-457B-89C0-431438DBB305}"
EndProject
Project("{FAE04EC0-301F-11D3-BF4B-00C04F79EFBC}") = "DFS-HasPath", "DFS-HasPath\DFS-HasPath.csproj", "{C271B81B-6AA1-4A1F-A274-70E6F163CE0D}"
EndProject
Project("{FAE04EC0-301F-11D3-BF4B-00C04F79EFBC}") = "DFS Undirected Path", "BFS Undirected Path\DFS Undirected Path.csproj", "{EBC8DBA9-B3C6-4F52-80CB-6DAFC997FB68}"
EndProject
Project("{2150E333-8FDC-42A3-9474-1A3956D46DE8}") = "06. Hash", "06. Hash", "{B0DD5BF7-949A-4AE8-8EF8-C6B978F5D61D}"
EndProject
Project("{FAE04EC0-301F-11D3-BF4B-00C04F79EFBC}") = "1. TwoSum", "1. TwoSum\1. TwoSum.csproj", "{EB684DA8-26FA-4E05-A2BE-EFCA25C558C7}"
EndProject
Project("{FAE04EC0-301F-11D3-BF4B-00C04F79EFBC}") = "2. AddTwoNumbers", "2. AddTwoNumbers\2. AddTwoNumbers.csproj", "{57608BD5-2D8D-4018-91D8-C157B720B18F}"
EndProject
Project("{2150E333-8FDC-42A3-9474-1A3956D46DE8}") = "07. LinkedList", "07. LinkedList", "{6C4911BD-8D1E-4EC7-859D-56450D48C59B}"
EndProject
Project("{FAE04EC0-301F-11D3-BF4B-00C04F79EFBC}") = "LL", "LL\LL.csproj", "{895355B7-2197-446E-8416-3EA6E2682ACB}"
EndProject
Project("{FAE04EC0-301F-11D3-BF4B-00C04F79EFBC}") = "Connected Components Count", "Connected Components Count\Connected Components Count.csproj", "{1BFF36AC-F547-4B91-9248-E02D7130EC9A}"
EndProject
Project("{FAE04EC0-301F-11D3-BF4B-00C04F79EFBC}") = "LargestComponent", "LargestComponent\LargestComponent.csproj", "{1C42FB96-56AB-4B63-9023-EF4139AF427B}"
EndProject
Project("{FAE04EC0-301F-11D3-BF4B-00C04F79EFBC}") = "ShortestPath", "ShortestPath\ShortestPath.csproj", "{F60FA970-ACBF-4F98-B96D-67204B3E1D5A}"
EndProject
Project("{FAE04EC0-301F-11D3-BF4B-00C04F79EFBC}") = "125. ValidPalidrome", "125. ValidPalidrome\125. ValidPalidrome.csproj", "{0E493E11-C167-4FB2-9E67-8160864FE16E}"
EndProject
Project("{2150E333-8FDC-42A3-9474-1A3956D46DE8}") = "08. Strings", "08. Strings", "{00553BF2-7BDB-4B94-9A36-A103FCDC2254}"
EndProject
Project("{FAE04EC0-301F-11D3-BF4B-00C04F79EFBC}") = "409. LongestPalindrome", "409. LongestPalindrome\409. LongestPalindrome.csproj", "{A50D6395-DB83-46EC-A977-4CF843D134A8}"
EndProject
Project("{FAE04EC0-301F-11D3-BF4B-00C04F79EFBC}") = "Revision - QuickSort", "Revision - QuickSort\Revision - QuickSort.csproj", "{205B3DC8-8EE6-42A6-9F48-C538D72CA546}"
EndProject
Project("{2150E333-8FDC-42A3-9474-1A3956D46DE8}") = "09. Trees", "09. Trees", "{AA6CE89B-4156-4C27-AA9C-1A689AADF41D}"
EndProject
Project("{FAE04EC0-301F-11D3-BF4B-00C04F79EFBC}") = "BinaryTree", "BinaryTree\BinaryTree.csproj", "{9201CA77-0310-472A-BEF3-0FFB8A87406B}"
EndProject
Project("{FAE04EC0-301F-11D3-BF4B-00C04F79EFBC}") = "Binary Search Tree", "Binary Search Tree\Binary Search Tree.csproj", "{39E1F8F5-BD77-4254-AE6E-19CC2A14852F}"
EndProject
Project("{FAE04EC0-301F-11D3-BF4B-00C04F79EFBC}") = "AVL Trees", "AVL Trees\AVL Trees.csproj", "{C3332E6B-50BB-4E65-A2C6-184D125B58A4}"
EndProject
Project("{FAE04EC0-301F-11D3-BF4B-00C04F79EFBC}") = "DLL", "DLL\DLL.csproj", "{0DB0027E-54C3-433C-AD89-758A7F3CE409}"
EndProject
Project("{FAE04EC0-301F-11D3-BF4B-00C04F79EFBC}") = "CLL", "CLL\CLL.csproj", "{3DB8B23A-E038-467C-A529-1F4D542DB967}"
EndProject
Project("{FAE04EC0-301F-11D3-BF4B-00C04F79EFBC}") = "BinaryTree+Questions", "BinaryTree+Questions\BinaryTree+Questions.csproj", "{115182CF-39DA-41C2-A588-8949734CDF83}"
EndProject
Project("{2150E333-8FDC-42A3-9474-1A3956D46DE8}") = "Backtracking", "Backtracking", "{4DD43A98-FB2D-4CEA-A845-1306B068DE97}"
EndProject
Project("{FAE04EC0-301F-11D3-BF4B-00C04F79EFBC}") = "AllPaths", "AllPaths\AllPaths.csproj", "{45DAA360-10C5-4E7A-BFB8-506962BAD3EF}"
EndProject
Project("{FAE04EC0-301F-11D3-BF4B-00C04F79EFBC}") = "383. RansomNote", "383. RansomNote\383. RansomNote.csproj", "{869262A7-8861-47DB-B221-49075770DF4A}"
EndProject
Project("{FAE04EC0-301F-11D3-BF4B-00C04F79EFBC}") = "70. Climbing Stairs", "70. Climbing Stairs\70. Climbing Stairs.csproj", "{A42E741D-224D-41B8-B2EA-8C5816F5A271}"
EndProject
Project("{FAE04EC0-301F-11D3-BF4B-00C04F79EFBC}") = "67. AddBinary", "67. AddBinary\67. AddBinary.csproj", "{565392DA-7A69-4A3F-9D7F-632E5F212719}"
EndProject
Project("{FAE04EC0-301F-11D3-BF4B-00C04F79EFBC}") = "20. Valid Parentheses", "20. Valid Parentheses\20. Valid Parentheses.csproj", "{CF23D188-BAF6-45A8-987C-AFB78506BFA1}"
EndProject
Project("{FAE04EC0-301F-11D3-BF4B-00C04F79EFBC}") = "HackerRankCamelCase", "HackerRankCamelCase\HackerRankCamelCase.csproj", "{AB348F54-72A8-4F73-BA8D-342052D7B3FF}"
EndProject
Project("{FAE04EC0-301F-11D3-BF4B-00C04F79EFBC}") = "HackerRank StrongPassword", "HackerRank StrongPassword\HackerRank StrongPassword.csproj", "{C3A38131-DF70-4C70-8EF0-A45887760093}"
EndProject
Project("{FAE04EC0-301F-11D3-BF4B-00C04F79EFBC}") = "49. Group Anagrams", "49. Group Anagrams\49. Group Anagrams.csproj", "{7EF91A88-8992-4ADE-86DD-FC02C3EE5045}"
EndProject
Project("{FAE04EC0-301F-11D3-BF4B-00C04F79EFBC}") = "136. SingleNumber", "136. SingleNumber\136. SingleNumber.csproj", "{23B96490-83EE-4AC4-9A11-8778DC6728F9}"
EndProject
Project("{FAE04EC0-301F-11D3-BF4B-00C04F79EFBC}") = "283. MoveZeroes", "283. MoveZeroes\283. MoveZeroes.csproj", "{C2F60751-7F7E-4F62-BB49-8F04FE999376}"
EndProject
Project("{FAE04EC0-301F-11D3-BF4B-00C04F79EFBC}") = "AllConstruct", "AllConstruct\AllConstruct.csproj", "{98B25FC8-DF70-459F-A35D-2FFFB8AFEAA0}"
EndProject
Project("{2150E333-8FDC-42A3-9474-1A3956D46DE8}") = "memoization", "memoization", "{40C16341-1E66-4FCC-9786-3EB170AE389D}"
EndProject
Project("{2150E333-8FDC-42A3-9474-1A3956D46DE8}") = "tabulation", "tabulation", "{CE3A1A01-8155-4C5A-AACB-EA6FED6475AB}"
EndProject
Project("{FAE04EC0-301F-11D3-BF4B-00C04F79EFBC}") = "tab fibonacci", "tab fibonacci\tab fibonacci.csproj", "{8BEEDFBF-DC7B-48EB-94FB-47C9F558E396}"
EndProject
Project("{FAE04EC0-301F-11D3-BF4B-00C04F79EFBC}") = "tab grid travaler", "tab grid travaler\tab grid travaler.csproj", "{DC7445CF-7091-472F-8D5E-E3A098EE04E4}"
EndProject
Project("{FAE04EC0-301F-11D3-BF4B-00C04F79EFBC}") = "15. 3Sum", "ThreeSum\15. 3Sum.csproj", "{577771A0-CD06-4A55-94F8-2607D61CDDFA}"
EndProject
Project("{FAE04EC0-301F-11D3-BF4B-00C04F79EFBC}") = "53. Maximun SubArray", "53. Maximun SubArray\53. Maximun SubArray.csproj", "{D194B8E5-9723-48E5-AFB8-5491FA374632}"
EndProject
Project("{FAE04EC0-301F-11D3-BF4B-00C04F79EFBC}") = "278. FirstBadVersion", "278. FirstBadVersion\278. FirstBadVersion.csproj", "{7D318252-2031-48F3-BA49-CA8C23227AA4}"
EndProject
Project("{2150E333-8FDC-42A3-9474-1A3956D46DE8}") = "10. Stacks and Queues", "10. Stacks and Queues", "{AA0E3B4C-325D-4532-A566-A72C1DA7A879}"
EndProject
Project("{FAE04EC0-301F-11D3-BF4B-00C04F79EFBC}") = "232. Implements Queue using Stack", "232. Implements Queue using Stack\232. Implements Queue using Stack.csproj", "{AEDB3809-21BF-4989-9364-083A9DAFA330}"
EndProject
Project("{FAE04EC0-301F-11D3-BF4B-00C04F79EFBC}") = "57. Insert Interval", "57. Insert Interval\57. Insert Interval.csproj", "{DB2E48A5-EA10-476A-8F52-CDC118EEF237}"
EndProject
Global
	GlobalSection(SolutionConfigurationPlatforms) = preSolution
		Debug|Any CPU = Debug|Any CPU
		Release|Any CPU = Release|Any CPU
	EndGlobalSection
	GlobalSection(ProjectConfigurationPlatforms) = postSolution
		{ED7FADA3-0506-4758-95AA-FF5CFEEC8D18}.Debug|Any CPU.ActiveCfg = Debug|Any CPU
		{ED7FADA3-0506-4758-95AA-FF5CFEEC8D18}.Debug|Any CPU.Build.0 = Debug|Any CPU
		{ED7FADA3-0506-4758-95AA-FF5CFEEC8D18}.Release|Any CPU.ActiveCfg = Release|Any CPU
		{ED7FADA3-0506-4758-95AA-FF5CFEEC8D18}.Release|Any CPU.Build.0 = Release|Any CPU
		{17D3EDB4-CAB5-47A2-8B48-938BEC10E0AF}.Debug|Any CPU.ActiveCfg = Debug|Any CPU
		{17D3EDB4-CAB5-47A2-8B48-938BEC10E0AF}.Debug|Any CPU.Build.0 = Debug|Any CPU
		{17D3EDB4-CAB5-47A2-8B48-938BEC10E0AF}.Release|Any CPU.ActiveCfg = Release|Any CPU
		{17D3EDB4-CAB5-47A2-8B48-938BEC10E0AF}.Release|Any CPU.Build.0 = Release|Any CPU
		{63B7CA9A-E51D-490D-A6BB-6DF47D077206}.Debug|Any CPU.ActiveCfg = Debug|Any CPU
		{63B7CA9A-E51D-490D-A6BB-6DF47D077206}.Debug|Any CPU.Build.0 = Debug|Any CPU
		{63B7CA9A-E51D-490D-A6BB-6DF47D077206}.Release|Any CPU.ActiveCfg = Release|Any CPU
		{63B7CA9A-E51D-490D-A6BB-6DF47D077206}.Release|Any CPU.Build.0 = Release|Any CPU
		{3CA8479D-2B91-4379-BA44-456ADE795EFD}.Debug|Any CPU.ActiveCfg = Debug|Any CPU
		{3CA8479D-2B91-4379-BA44-456ADE795EFD}.Debug|Any CPU.Build.0 = Debug|Any CPU
		{3CA8479D-2B91-4379-BA44-456ADE795EFD}.Release|Any CPU.ActiveCfg = Release|Any CPU
		{3CA8479D-2B91-4379-BA44-456ADE795EFD}.Release|Any CPU.Build.0 = Release|Any CPU
		{0A14AFB4-CD77-4B2F-A778-F27477A2694C}.Debug|Any CPU.ActiveCfg = Debug|Any CPU
		{0A14AFB4-CD77-4B2F-A778-F27477A2694C}.Debug|Any CPU.Build.0 = Debug|Any CPU
		{0A14AFB4-CD77-4B2F-A778-F27477A2694C}.Release|Any CPU.ActiveCfg = Release|Any CPU
		{0A14AFB4-CD77-4B2F-A778-F27477A2694C}.Release|Any CPU.Build.0 = Release|Any CPU
		{17F49865-3536-49B7-9853-87E0464A973A}.Debug|Any CPU.ActiveCfg = Debug|Any CPU
		{17F49865-3536-49B7-9853-87E0464A973A}.Debug|Any CPU.Build.0 = Debug|Any CPU
		{17F49865-3536-49B7-9853-87E0464A973A}.Release|Any CPU.ActiveCfg = Release|Any CPU
		{17F49865-3536-49B7-9853-87E0464A973A}.Release|Any CPU.Build.0 = Release|Any CPU
		{D3955212-C517-4D60-ADCF-1E5452840A06}.Debug|Any CPU.ActiveCfg = Debug|Any CPU
		{D3955212-C517-4D60-ADCF-1E5452840A06}.Debug|Any CPU.Build.0 = Debug|Any CPU
		{D3955212-C517-4D60-ADCF-1E5452840A06}.Release|Any CPU.ActiveCfg = Release|Any CPU
		{D3955212-C517-4D60-ADCF-1E5452840A06}.Release|Any CPU.Build.0 = Release|Any CPU
		{B507B7FC-E857-45A5-B6F3-B2244AB4195A}.Debug|Any CPU.ActiveCfg = Debug|Any CPU
		{B507B7FC-E857-45A5-B6F3-B2244AB4195A}.Debug|Any CPU.Build.0 = Debug|Any CPU
		{B507B7FC-E857-45A5-B6F3-B2244AB4195A}.Release|Any CPU.ActiveCfg = Release|Any CPU
		{B507B7FC-E857-45A5-B6F3-B2244AB4195A}.Release|Any CPU.Build.0 = Release|Any CPU
		{FE093392-1B64-4F50-ACAE-8CA55FF9994E}.Debug|Any CPU.ActiveCfg = Debug|Any CPU
		{FE093392-1B64-4F50-ACAE-8CA55FF9994E}.Debug|Any CPU.Build.0 = Debug|Any CPU
		{FE093392-1B64-4F50-ACAE-8CA55FF9994E}.Release|Any CPU.ActiveCfg = Release|Any CPU
		{FE093392-1B64-4F50-ACAE-8CA55FF9994E}.Release|Any CPU.Build.0 = Release|Any CPU
		{9E9E1332-0F3F-4556-BA4F-5C5C39F40196}.Debug|Any CPU.ActiveCfg = Debug|Any CPU
		{9E9E1332-0F3F-4556-BA4F-5C5C39F40196}.Debug|Any CPU.Build.0 = Debug|Any CPU
		{9E9E1332-0F3F-4556-BA4F-5C5C39F40196}.Release|Any CPU.ActiveCfg = Release|Any CPU
		{9E9E1332-0F3F-4556-BA4F-5C5C39F40196}.Release|Any CPU.Build.0 = Release|Any CPU
		{9D612F97-DB54-43CB-85EF-395B35C2C4B9}.Debug|Any CPU.ActiveCfg = Debug|Any CPU
		{9D612F97-DB54-43CB-85EF-395B35C2C4B9}.Debug|Any CPU.Build.0 = Debug|Any CPU
		{9D612F97-DB54-43CB-85EF-395B35C2C4B9}.Release|Any CPU.ActiveCfg = Release|Any CPU
		{9D612F97-DB54-43CB-85EF-395B35C2C4B9}.Release|Any CPU.Build.0 = Release|Any CPU
		{00032233-CFBC-45B8-B19F-123816A1B4B6}.Debug|Any CPU.ActiveCfg = Debug|Any CPU
		{00032233-CFBC-45B8-B19F-123816A1B4B6}.Debug|Any CPU.Build.0 = Debug|Any CPU
		{00032233-CFBC-45B8-B19F-123816A1B4B6}.Release|Any CPU.ActiveCfg = Release|Any CPU
		{00032233-CFBC-45B8-B19F-123816A1B4B6}.Release|Any CPU.Build.0 = Release|Any CPU
		{A35AF6CB-8F4C-4FE3-983B-E538EC3AB127}.Debug|Any CPU.ActiveCfg = Debug|Any CPU
		{A35AF6CB-8F4C-4FE3-983B-E538EC3AB127}.Debug|Any CPU.Build.0 = Debug|Any CPU
		{A35AF6CB-8F4C-4FE3-983B-E538EC3AB127}.Release|Any CPU.ActiveCfg = Release|Any CPU
		{A35AF6CB-8F4C-4FE3-983B-E538EC3AB127}.Release|Any CPU.Build.0 = Release|Any CPU
		{63B475F8-8681-4DF5-814A-3C0FE25C5E95}.Debug|Any CPU.ActiveCfg = Debug|Any CPU
		{63B475F8-8681-4DF5-814A-3C0FE25C5E95}.Debug|Any CPU.Build.0 = Debug|Any CPU
		{63B475F8-8681-4DF5-814A-3C0FE25C5E95}.Release|Any CPU.ActiveCfg = Release|Any CPU
		{63B475F8-8681-4DF5-814A-3C0FE25C5E95}.Release|Any CPU.Build.0 = Release|Any CPU
		{82536E35-A624-4B09-A21E-84E33634ABB4}.Debug|Any CPU.ActiveCfg = Debug|Any CPU
		{82536E35-A624-4B09-A21E-84E33634ABB4}.Debug|Any CPU.Build.0 = Debug|Any CPU
		{82536E35-A624-4B09-A21E-84E33634ABB4}.Release|Any CPU.ActiveCfg = Release|Any CPU
		{82536E35-A624-4B09-A21E-84E33634ABB4}.Release|Any CPU.Build.0 = Release|Any CPU
		{7E87BF2A-773D-49F5-B670-4A0B339B47FC}.Debug|Any CPU.ActiveCfg = Debug|Any CPU
		{7E87BF2A-773D-49F5-B670-4A0B339B47FC}.Debug|Any CPU.Build.0 = Debug|Any CPU
		{7E87BF2A-773D-49F5-B670-4A0B339B47FC}.Release|Any CPU.ActiveCfg = Release|Any CPU
		{7E87BF2A-773D-49F5-B670-4A0B339B47FC}.Release|Any CPU.Build.0 = Release|Any CPU
		{AF4C5847-4027-46F1-9E4E-36B520544B9D}.Debug|Any CPU.ActiveCfg = Debug|Any CPU
		{AF4C5847-4027-46F1-9E4E-36B520544B9D}.Debug|Any CPU.Build.0 = Debug|Any CPU
		{AF4C5847-4027-46F1-9E4E-36B520544B9D}.Release|Any CPU.ActiveCfg = Release|Any CPU
		{AF4C5847-4027-46F1-9E4E-36B520544B9D}.Release|Any CPU.Build.0 = Release|Any CPU
		{BC0F8465-6D05-47C5-A518-BFC8E52D24FA}.Debug|Any CPU.ActiveCfg = Debug|Any CPU
		{BC0F8465-6D05-47C5-A518-BFC8E52D24FA}.Debug|Any CPU.Build.0 = Debug|Any CPU
		{BC0F8465-6D05-47C5-A518-BFC8E52D24FA}.Release|Any CPU.ActiveCfg = Release|Any CPU
		{BC0F8465-6D05-47C5-A518-BFC8E52D24FA}.Release|Any CPU.Build.0 = Release|Any CPU
		{EA4D97ED-DBCB-4604-A0B9-48FFAD08EFAC}.Debug|Any CPU.ActiveCfg = Debug|Any CPU
		{EA4D97ED-DBCB-4604-A0B9-48FFAD08EFAC}.Debug|Any CPU.Build.0 = Debug|Any CPU
		{EA4D97ED-DBCB-4604-A0B9-48FFAD08EFAC}.Release|Any CPU.ActiveCfg = Release|Any CPU
		{EA4D97ED-DBCB-4604-A0B9-48FFAD08EFAC}.Release|Any CPU.Build.0 = Release|Any CPU
		{9322822F-5D6A-45E9-AA88-EEE5548FE60C}.Debug|Any CPU.ActiveCfg = Debug|Any CPU
		{9322822F-5D6A-45E9-AA88-EEE5548FE60C}.Debug|Any CPU.Build.0 = Debug|Any CPU
		{9322822F-5D6A-45E9-AA88-EEE5548FE60C}.Release|Any CPU.ActiveCfg = Release|Any CPU
		{9322822F-5D6A-45E9-AA88-EEE5548FE60C}.Release|Any CPU.Build.0 = Release|Any CPU
		{4F4F8EB6-AC94-4559-9C58-D9DDD974D815}.Debug|Any CPU.ActiveCfg = Debug|Any CPU
		{4F4F8EB6-AC94-4559-9C58-D9DDD974D815}.Debug|Any CPU.Build.0 = Debug|Any CPU
		{4F4F8EB6-AC94-4559-9C58-D9DDD974D815}.Release|Any CPU.ActiveCfg = Release|Any CPU
		{4F4F8EB6-AC94-4559-9C58-D9DDD974D815}.Release|Any CPU.Build.0 = Release|Any CPU
		{014DB239-7AB0-4CAC-8C3F-E9294FDFC6B3}.Debug|Any CPU.ActiveCfg = Debug|Any CPU
		{014DB239-7AB0-4CAC-8C3F-E9294FDFC6B3}.Debug|Any CPU.Build.0 = Debug|Any CPU
		{014DB239-7AB0-4CAC-8C3F-E9294FDFC6B3}.Release|Any CPU.ActiveCfg = Release|Any CPU
		{014DB239-7AB0-4CAC-8C3F-E9294FDFC6B3}.Release|Any CPU.Build.0 = Release|Any CPU
		{AA6D7116-75A7-457B-89C0-431438DBB305}.Debug|Any CPU.ActiveCfg = Debug|Any CPU
		{AA6D7116-75A7-457B-89C0-431438DBB305}.Debug|Any CPU.Build.0 = Debug|Any CPU
		{AA6D7116-75A7-457B-89C0-431438DBB305}.Release|Any CPU.ActiveCfg = Release|Any CPU
		{AA6D7116-75A7-457B-89C0-431438DBB305}.Release|Any CPU.Build.0 = Release|Any CPU
		{C271B81B-6AA1-4A1F-A274-70E6F163CE0D}.Debug|Any CPU.ActiveCfg = Debug|Any CPU
		{C271B81B-6AA1-4A1F-A274-70E6F163CE0D}.Debug|Any CPU.Build.0 = Debug|Any CPU
		{C271B81B-6AA1-4A1F-A274-70E6F163CE0D}.Release|Any CPU.ActiveCfg = Release|Any CPU
		{C271B81B-6AA1-4A1F-A274-70E6F163CE0D}.Release|Any CPU.Build.0 = Release|Any CPU
		{EBC8DBA9-B3C6-4F52-80CB-6DAFC997FB68}.Debug|Any CPU.ActiveCfg = Debug|Any CPU
		{EBC8DBA9-B3C6-4F52-80CB-6DAFC997FB68}.Debug|Any CPU.Build.0 = Debug|Any CPU
		{EBC8DBA9-B3C6-4F52-80CB-6DAFC997FB68}.Release|Any CPU.ActiveCfg = Release|Any CPU
		{EBC8DBA9-B3C6-4F52-80CB-6DAFC997FB68}.Release|Any CPU.Build.0 = Release|Any CPU
		{EB684DA8-26FA-4E05-A2BE-EFCA25C558C7}.Debug|Any CPU.ActiveCfg = Debug|Any CPU
		{EB684DA8-26FA-4E05-A2BE-EFCA25C558C7}.Debug|Any CPU.Build.0 = Debug|Any CPU
		{EB684DA8-26FA-4E05-A2BE-EFCA25C558C7}.Release|Any CPU.ActiveCfg = Release|Any CPU
		{EB684DA8-26FA-4E05-A2BE-EFCA25C558C7}.Release|Any CPU.Build.0 = Release|Any CPU
		{57608BD5-2D8D-4018-91D8-C157B720B18F}.Debug|Any CPU.ActiveCfg = Debug|Any CPU
		{57608BD5-2D8D-4018-91D8-C157B720B18F}.Debug|Any CPU.Build.0 = Debug|Any CPU
		{57608BD5-2D8D-4018-91D8-C157B720B18F}.Release|Any CPU.ActiveCfg = Release|Any CPU
		{57608BD5-2D8D-4018-91D8-C157B720B18F}.Release|Any CPU.Build.0 = Release|Any CPU
		{895355B7-2197-446E-8416-3EA6E2682ACB}.Debug|Any CPU.ActiveCfg = Debug|Any CPU
		{895355B7-2197-446E-8416-3EA6E2682ACB}.Debug|Any CPU.Build.0 = Debug|Any CPU
		{895355B7-2197-446E-8416-3EA6E2682ACB}.Release|Any CPU.ActiveCfg = Release|Any CPU
		{895355B7-2197-446E-8416-3EA6E2682ACB}.Release|Any CPU.Build.0 = Release|Any CPU
		{1BFF36AC-F547-4B91-9248-E02D7130EC9A}.Debug|Any CPU.ActiveCfg = Debug|Any CPU
		{1BFF36AC-F547-4B91-9248-E02D7130EC9A}.Debug|Any CPU.Build.0 = Debug|Any CPU
		{1BFF36AC-F547-4B91-9248-E02D7130EC9A}.Release|Any CPU.ActiveCfg = Release|Any CPU
		{1BFF36AC-F547-4B91-9248-E02D7130EC9A}.Release|Any CPU.Build.0 = Release|Any CPU
		{1C42FB96-56AB-4B63-9023-EF4139AF427B}.Debug|Any CPU.ActiveCfg = Debug|Any CPU
		{1C42FB96-56AB-4B63-9023-EF4139AF427B}.Debug|Any CPU.Build.0 = Debug|Any CPU
		{1C42FB96-56AB-4B63-9023-EF4139AF427B}.Release|Any CPU.ActiveCfg = Release|Any CPU
		{1C42FB96-56AB-4B63-9023-EF4139AF427B}.Release|Any CPU.Build.0 = Release|Any CPU
		{F60FA970-ACBF-4F98-B96D-67204B3E1D5A}.Debug|Any CPU.ActiveCfg = Debug|Any CPU
		{F60FA970-ACBF-4F98-B96D-67204B3E1D5A}.Debug|Any CPU.Build.0 = Debug|Any CPU
		{F60FA970-ACBF-4F98-B96D-67204B3E1D5A}.Release|Any CPU.ActiveCfg = Release|Any CPU
		{F60FA970-ACBF-4F98-B96D-67204B3E1D5A}.Release|Any CPU.Build.0 = Release|Any CPU
		{0E493E11-C167-4FB2-9E67-8160864FE16E}.Debug|Any CPU.ActiveCfg = Debug|Any CPU
		{0E493E11-C167-4FB2-9E67-8160864FE16E}.Debug|Any CPU.Build.0 = Debug|Any CPU
		{0E493E11-C167-4FB2-9E67-8160864FE16E}.Release|Any CPU.ActiveCfg = Release|Any CPU
		{0E493E11-C167-4FB2-9E67-8160864FE16E}.Release|Any CPU.Build.0 = Release|Any CPU
		{A50D6395-DB83-46EC-A977-4CF843D134A8}.Debug|Any CPU.ActiveCfg = Debug|Any CPU
		{A50D6395-DB83-46EC-A977-4CF843D134A8}.Debug|Any CPU.Build.0 = Debug|Any CPU
		{A50D6395-DB83-46EC-A977-4CF843D134A8}.Release|Any CPU.ActiveCfg = Release|Any CPU
		{A50D6395-DB83-46EC-A977-4CF843D134A8}.Release|Any CPU.Build.0 = Release|Any CPU
		{205B3DC8-8EE6-42A6-9F48-C538D72CA546}.Debug|Any CPU.ActiveCfg = Debug|Any CPU
		{205B3DC8-8EE6-42A6-9F48-C538D72CA546}.Debug|Any CPU.Build.0 = Debug|Any CPU
		{205B3DC8-8EE6-42A6-9F48-C538D72CA546}.Release|Any CPU.ActiveCfg = Release|Any CPU
		{205B3DC8-8EE6-42A6-9F48-C538D72CA546}.Release|Any CPU.Build.0 = Release|Any CPU
		{9201CA77-0310-472A-BEF3-0FFB8A87406B}.Debug|Any CPU.ActiveCfg = Debug|Any CPU
		{9201CA77-0310-472A-BEF3-0FFB8A87406B}.Debug|Any CPU.Build.0 = Debug|Any CPU
		{9201CA77-0310-472A-BEF3-0FFB8A87406B}.Release|Any CPU.ActiveCfg = Release|Any CPU
		{9201CA77-0310-472A-BEF3-0FFB8A87406B}.Release|Any CPU.Build.0 = Release|Any CPU
		{39E1F8F5-BD77-4254-AE6E-19CC2A14852F}.Debug|Any CPU.ActiveCfg = Debug|Any CPU
		{39E1F8F5-BD77-4254-AE6E-19CC2A14852F}.Debug|Any CPU.Build.0 = Debug|Any CPU
		{39E1F8F5-BD77-4254-AE6E-19CC2A14852F}.Release|Any CPU.ActiveCfg = Release|Any CPU
		{39E1F8F5-BD77-4254-AE6E-19CC2A14852F}.Release|Any CPU.Build.0 = Release|Any CPU
		{C3332E6B-50BB-4E65-A2C6-184D125B58A4}.Debug|Any CPU.ActiveCfg = Debug|Any CPU
		{C3332E6B-50BB-4E65-A2C6-184D125B58A4}.Debug|Any CPU.Build.0 = Debug|Any CPU
		{C3332E6B-50BB-4E65-A2C6-184D125B58A4}.Release|Any CPU.ActiveCfg = Release|Any CPU
		{C3332E6B-50BB-4E65-A2C6-184D125B58A4}.Release|Any CPU.Build.0 = Release|Any CPU
		{0DB0027E-54C3-433C-AD89-758A7F3CE409}.Debug|Any CPU.ActiveCfg = Debug|Any CPU
		{0DB0027E-54C3-433C-AD89-758A7F3CE409}.Debug|Any CPU.Build.0 = Debug|Any CPU
		{0DB0027E-54C3-433C-AD89-758A7F3CE409}.Release|Any CPU.ActiveCfg = Release|Any CPU
		{0DB0027E-54C3-433C-AD89-758A7F3CE409}.Release|Any CPU.Build.0 = Release|Any CPU
		{3DB8B23A-E038-467C-A529-1F4D542DB967}.Debug|Any CPU.ActiveCfg = Debug|Any CPU
		{3DB8B23A-E038-467C-A529-1F4D542DB967}.Debug|Any CPU.Build.0 = Debug|Any CPU
		{3DB8B23A-E038-467C-A529-1F4D542DB967}.Release|Any CPU.ActiveCfg = Release|Any CPU
		{3DB8B23A-E038-467C-A529-1F4D542DB967}.Release|Any CPU.Build.0 = Release|Any CPU
		{115182CF-39DA-41C2-A588-8949734CDF83}.Debug|Any CPU.ActiveCfg = Debug|Any CPU
		{115182CF-39DA-41C2-A588-8949734CDF83}.Debug|Any CPU.Build.0 = Debug|Any CPU
		{115182CF-39DA-41C2-A588-8949734CDF83}.Release|Any CPU.ActiveCfg = Release|Any CPU
		{115182CF-39DA-41C2-A588-8949734CDF83}.Release|Any CPU.Build.0 = Release|Any CPU
		{45DAA360-10C5-4E7A-BFB8-506962BAD3EF}.Debug|Any CPU.ActiveCfg = Debug|Any CPU
		{45DAA360-10C5-4E7A-BFB8-506962BAD3EF}.Debug|Any CPU.Build.0 = Debug|Any CPU
		{45DAA360-10C5-4E7A-BFB8-506962BAD3EF}.Release|Any CPU.ActiveCfg = Release|Any CPU
		{45DAA360-10C5-4E7A-BFB8-506962BAD3EF}.Release|Any CPU.Build.0 = Release|Any CPU
		{869262A7-8861-47DB-B221-49075770DF4A}.Debug|Any CPU.ActiveCfg = Debug|Any CPU
		{869262A7-8861-47DB-B221-49075770DF4A}.Debug|Any CPU.Build.0 = Debug|Any CPU
		{869262A7-8861-47DB-B221-49075770DF4A}.Release|Any CPU.ActiveCfg = Release|Any CPU
		{869262A7-8861-47DB-B221-49075770DF4A}.Release|Any CPU.Build.0 = Release|Any CPU
		{A42E741D-224D-41B8-B2EA-8C5816F5A271}.Debug|Any CPU.ActiveCfg = Debug|Any CPU
		{A42E741D-224D-41B8-B2EA-8C5816F5A271}.Debug|Any CPU.Build.0 = Debug|Any CPU
		{A42E741D-224D-41B8-B2EA-8C5816F5A271}.Release|Any CPU.ActiveCfg = Release|Any CPU
		{A42E741D-224D-41B8-B2EA-8C5816F5A271}.Release|Any CPU.Build.0 = Release|Any CPU
		{565392DA-7A69-4A3F-9D7F-632E5F212719}.Debug|Any CPU.ActiveCfg = Debug|Any CPU
		{565392DA-7A69-4A3F-9D7F-632E5F212719}.Debug|Any CPU.Build.0 = Debug|Any CPU
		{565392DA-7A69-4A3F-9D7F-632E5F212719}.Release|Any CPU.ActiveCfg = Release|Any CPU
		{565392DA-7A69-4A3F-9D7F-632E5F212719}.Release|Any CPU.Build.0 = Release|Any CPU
		{CF23D188-BAF6-45A8-987C-AFB78506BFA1}.Debug|Any CPU.ActiveCfg = Debug|Any CPU
		{CF23D188-BAF6-45A8-987C-AFB78506BFA1}.Debug|Any CPU.Build.0 = Debug|Any CPU
		{CF23D188-BAF6-45A8-987C-AFB78506BFA1}.Release|Any CPU.ActiveCfg = Release|Any CPU
		{CF23D188-BAF6-45A8-987C-AFB78506BFA1}.Release|Any CPU.Build.0 = Release|Any CPU
		{AB348F54-72A8-4F73-BA8D-342052D7B3FF}.Debug|Any CPU.ActiveCfg = Debug|Any CPU
		{AB348F54-72A8-4F73-BA8D-342052D7B3FF}.Debug|Any CPU.Build.0 = Debug|Any CPU
		{AB348F54-72A8-4F73-BA8D-342052D7B3FF}.Release|Any CPU.ActiveCfg = Release|Any CPU
		{AB348F54-72A8-4F73-BA8D-342052D7B3FF}.Release|Any CPU.Build.0 = Release|Any CPU
		{C3A38131-DF70-4C70-8EF0-A45887760093}.Debug|Any CPU.ActiveCfg = Debug|Any CPU
		{C3A38131-DF70-4C70-8EF0-A45887760093}.Debug|Any CPU.Build.0 = Debug|Any CPU
		{C3A38131-DF70-4C70-8EF0-A45887760093}.Release|Any CPU.ActiveCfg = Release|Any CPU
		{C3A38131-DF70-4C70-8EF0-A45887760093}.Release|Any CPU.Build.0 = Release|Any CPU
		{7EF91A88-8992-4ADE-86DD-FC02C3EE5045}.Debug|Any CPU.ActiveCfg = Debug|Any CPU
		{7EF91A88-8992-4ADE-86DD-FC02C3EE5045}.Debug|Any CPU.Build.0 = Debug|Any CPU
		{7EF91A88-8992-4ADE-86DD-FC02C3EE5045}.Release|Any CPU.ActiveCfg = Release|Any CPU
		{7EF91A88-8992-4ADE-86DD-FC02C3EE5045}.Release|Any CPU.Build.0 = Release|Any CPU
		{23B96490-83EE-4AC4-9A11-8778DC6728F9}.Debug|Any CPU.ActiveCfg = Debug|Any CPU
		{23B96490-83EE-4AC4-9A11-8778DC6728F9}.Debug|Any CPU.Build.0 = Debug|Any CPU
		{23B96490-83EE-4AC4-9A11-8778DC6728F9}.Release|Any CPU.ActiveCfg = Release|Any CPU
		{23B96490-83EE-4AC4-9A11-8778DC6728F9}.Release|Any CPU.Build.0 = Release|Any CPU
		{C2F60751-7F7E-4F62-BB49-8F04FE999376}.Debug|Any CPU.ActiveCfg = Debug|Any CPU
		{C2F60751-7F7E-4F62-BB49-8F04FE999376}.Debug|Any CPU.Build.0 = Debug|Any CPU
		{C2F60751-7F7E-4F62-BB49-8F04FE999376}.Release|Any CPU.ActiveCfg = Release|Any CPU
		{C2F60751-7F7E-4F62-BB49-8F04FE999376}.Release|Any CPU.Build.0 = Release|Any CPU
		{98B25FC8-DF70-459F-A35D-2FFFB8AFEAA0}.Debug|Any CPU.ActiveCfg = Debug|Any CPU
		{98B25FC8-DF70-459F-A35D-2FFFB8AFEAA0}.Debug|Any CPU.Build.0 = Debug|Any CPU
		{98B25FC8-DF70-459F-A35D-2FFFB8AFEAA0}.Release|Any CPU.ActiveCfg = Release|Any CPU
		{98B25FC8-DF70-459F-A35D-2FFFB8AFEAA0}.Release|Any CPU.Build.0 = Release|Any CPU
		{8BEEDFBF-DC7B-48EB-94FB-47C9F558E396}.Debug|Any CPU.ActiveCfg = Debug|Any CPU
		{8BEEDFBF-DC7B-48EB-94FB-47C9F558E396}.Debug|Any CPU.Build.0 = Debug|Any CPU
		{8BEEDFBF-DC7B-48EB-94FB-47C9F558E396}.Release|Any CPU.ActiveCfg = Release|Any CPU
		{8BEEDFBF-DC7B-48EB-94FB-47C9F558E396}.Release|Any CPU.Build.0 = Release|Any CPU
		{DC7445CF-7091-472F-8D5E-E3A098EE04E4}.Debug|Any CPU.ActiveCfg = Debug|Any CPU
		{DC7445CF-7091-472F-8D5E-E3A098EE04E4}.Debug|Any CPU.Build.0 = Debug|Any CPU
		{DC7445CF-7091-472F-8D5E-E3A098EE04E4}.Release|Any CPU.ActiveCfg = Release|Any CPU
		{DC7445CF-7091-472F-8D5E-E3A098EE04E4}.Release|Any CPU.Build.0 = Release|Any CPU
		{577771A0-CD06-4A55-94F8-2607D61CDDFA}.Debug|Any CPU.ActiveCfg = Debug|Any CPU
		{577771A0-CD06-4A55-94F8-2607D61CDDFA}.Debug|Any CPU.Build.0 = Debug|Any CPU
		{577771A0-CD06-4A55-94F8-2607D61CDDFA}.Release|Any CPU.ActiveCfg = Release|Any CPU
		{577771A0-CD06-4A55-94F8-2607D61CDDFA}.Release|Any CPU.Build.0 = Release|Any CPU
		{D194B8E5-9723-48E5-AFB8-5491FA374632}.Debug|Any CPU.ActiveCfg = Debug|Any CPU
		{D194B8E5-9723-48E5-AFB8-5491FA374632}.Debug|Any CPU.Build.0 = Debug|Any CPU
		{D194B8E5-9723-48E5-AFB8-5491FA374632}.Release|Any CPU.ActiveCfg = Release|Any CPU
		{D194B8E5-9723-48E5-AFB8-5491FA374632}.Release|Any CPU.Build.0 = Release|Any CPU
		{7D318252-2031-48F3-BA49-CA8C23227AA4}.Debug|Any CPU.ActiveCfg = Debug|Any CPU
		{7D318252-2031-48F3-BA49-CA8C23227AA4}.Debug|Any CPU.Build.0 = Debug|Any CPU
		{7D318252-2031-48F3-BA49-CA8C23227AA4}.Release|Any CPU.ActiveCfg = Release|Any CPU
		{7D318252-2031-48F3-BA49-CA8C23227AA4}.Release|Any CPU.Build.0 = Release|Any CPU
		{AEDB3809-21BF-4989-9364-083A9DAFA330}.Debug|Any CPU.ActiveCfg = Debug|Any CPU
		{AEDB3809-21BF-4989-9364-083A9DAFA330}.Debug|Any CPU.Build.0 = Debug|Any CPU
		{AEDB3809-21BF-4989-9364-083A9DAFA330}.Release|Any CPU.ActiveCfg = Release|Any CPU
		{AEDB3809-21BF-4989-9364-083A9DAFA330}.Release|Any CPU.Build.0 = Release|Any CPU
		{DB2E48A5-EA10-476A-8F52-CDC118EEF237}.Debug|Any CPU.ActiveCfg = Debug|Any CPU
		{DB2E48A5-EA10-476A-8F52-CDC118EEF237}.Debug|Any CPU.Build.0 = Debug|Any CPU
		{DB2E48A5-EA10-476A-8F52-CDC118EEF237}.Release|Any CPU.ActiveCfg = Release|Any CPU
		{DB2E48A5-EA10-476A-8F52-CDC118EEF237}.Release|Any CPU.Build.0 = Release|Any CPU
	EndGlobalSection
	GlobalSection(SolutionProperties) = preSolution
		HideSolutionNode = FALSE
	EndGlobalSection
	GlobalSection(NestedProjects) = preSolution
		{ED7FADA3-0506-4758-95AA-FF5CFEEC8D18} = {4A259368-DA16-4ED1-BAF5-DD7CFBB37BBA}
		{17D3EDB4-CAB5-47A2-8B48-938BEC10E0AF} = {4A259368-DA16-4ED1-BAF5-DD7CFBB37BBA}
		{63B7CA9A-E51D-490D-A6BB-6DF47D077206} = {4A259368-DA16-4ED1-BAF5-DD7CFBB37BBA}
		{3CA8479D-2B91-4379-BA44-456ADE795EFD} = {4A259368-DA16-4ED1-BAF5-DD7CFBB37BBA}
		{0A14AFB4-CD77-4B2F-A778-F27477A2694C} = {C4A06814-DCEF-4B18-B424-42BE079617C0}
		{17F49865-3536-49B7-9853-87E0464A973A} = {4A259368-DA16-4ED1-BAF5-DD7CFBB37BBA}
		{D3955212-C517-4D60-ADCF-1E5452840A06} = {4A259368-DA16-4ED1-BAF5-DD7CFBB37BBA}
		{C68953A7-9DAE-493E-A13E-A599D23AD06C} = {89FD3299-2A15-4A13-90F1-0EDECA8295D1}
		{B507B7FC-E857-45A5-B6F3-B2244AB4195A} = {C68953A7-9DAE-493E-A13E-A599D23AD06C}
		{FE093392-1B64-4F50-ACAE-8CA55FF9994E} = {C68953A7-9DAE-493E-A13E-A599D23AD06C}
		{5C10BF47-FE07-4309-847C-E229F8790C27} = {89FD3299-2A15-4A13-90F1-0EDECA8295D1}
		{9E9E1332-0F3F-4556-BA4F-5C5C39F40196} = {5C10BF47-FE07-4309-847C-E229F8790C27}
		{9D612F97-DB54-43CB-85EF-395B35C2C4B9} = {5C10BF47-FE07-4309-847C-E229F8790C27}
		{00032233-CFBC-45B8-B19F-123816A1B4B6} = {5C10BF47-FE07-4309-847C-E229F8790C27}
		{A35AF6CB-8F4C-4FE3-983B-E538EC3AB127} = {5C10BF47-FE07-4309-847C-E229F8790C27}
		{63B475F8-8681-4DF5-814A-3C0FE25C5E95} = {40C16341-1E66-4FCC-9786-3EB170AE389D}
		{82536E35-A624-4B09-A21E-84E33634ABB4} = {40C16341-1E66-4FCC-9786-3EB170AE389D}
		{7E87BF2A-773D-49F5-B670-4A0B339B47FC} = {40C16341-1E66-4FCC-9786-3EB170AE389D}
		{AF4C5847-4027-46F1-9E4E-36B520544B9D} = {40C16341-1E66-4FCC-9786-3EB170AE389D}
		{BC0F8465-6D05-47C5-A518-BFC8E52D24FA} = {40C16341-1E66-4FCC-9786-3EB170AE389D}
		{EA4D97ED-DBCB-4604-A0B9-48FFAD08EFAC} = {C4A06814-DCEF-4B18-B424-42BE079617C0}
		{9322822F-5D6A-45E9-AA88-EEE5548FE60C} = {C4A06814-DCEF-4B18-B424-42BE079617C0}
		{4F4F8EB6-AC94-4559-9C58-D9DDD974D815} = {5C10BF47-FE07-4309-847C-E229F8790C27}
		{014DB239-7AB0-4CAC-8C3F-E9294FDFC6B3} = {E105DBEC-2B57-4AA2-AF9A-8AC454CE3373}
		{AA6D7116-75A7-457B-89C0-431438DBB305} = {E105DBEC-2B57-4AA2-AF9A-8AC454CE3373}
		{C271B81B-6AA1-4A1F-A274-70E6F163CE0D} = {E105DBEC-2B57-4AA2-AF9A-8AC454CE3373}
		{EBC8DBA9-B3C6-4F52-80CB-6DAFC997FB68} = {E105DBEC-2B57-4AA2-AF9A-8AC454CE3373}
		{EB684DA8-26FA-4E05-A2BE-EFCA25C558C7} = {B0DD5BF7-949A-4AE8-8EF8-C6B978F5D61D}
		{57608BD5-2D8D-4018-91D8-C157B720B18F} = {6C4911BD-8D1E-4EC7-859D-56450D48C59B}
		{895355B7-2197-446E-8416-3EA6E2682ACB} = {6C4911BD-8D1E-4EC7-859D-56450D48C59B}
		{1BFF36AC-F547-4B91-9248-E02D7130EC9A} = {E105DBEC-2B57-4AA2-AF9A-8AC454CE3373}
		{1C42FB96-56AB-4B63-9023-EF4139AF427B} = {E105DBEC-2B57-4AA2-AF9A-8AC454CE3373}
		{F60FA970-ACBF-4F98-B96D-67204B3E1D5A} = {E105DBEC-2B57-4AA2-AF9A-8AC454CE3373}
		{0E493E11-C167-4FB2-9E67-8160864FE16E} = {00553BF2-7BDB-4B94-9A36-A103FCDC2254}
		{A50D6395-DB83-46EC-A977-4CF843D134A8} = {00553BF2-7BDB-4B94-9A36-A103FCDC2254}
		{205B3DC8-8EE6-42A6-9F48-C538D72CA546} = {C68953A7-9DAE-493E-A13E-A599D23AD06C}
		{9201CA77-0310-472A-BEF3-0FFB8A87406B} = {AA6CE89B-4156-4C27-AA9C-1A689AADF41D}
		{39E1F8F5-BD77-4254-AE6E-19CC2A14852F} = {AA6CE89B-4156-4C27-AA9C-1A689AADF41D}
		{C3332E6B-50BB-4E65-A2C6-184D125B58A4} = {AA6CE89B-4156-4C27-AA9C-1A689AADF41D}
		{0DB0027E-54C3-433C-AD89-758A7F3CE409} = {6C4911BD-8D1E-4EC7-859D-56450D48C59B}
		{3DB8B23A-E038-467C-A529-1F4D542DB967} = {6C4911BD-8D1E-4EC7-859D-56450D48C59B}
		{115182CF-39DA-41C2-A588-8949734CDF83} = {AA6CE89B-4156-4C27-AA9C-1A689AADF41D}
		{4DD43A98-FB2D-4CEA-A845-1306B068DE97} = {89FD3299-2A15-4A13-90F1-0EDECA8295D1}
		{45DAA360-10C5-4E7A-BFB8-506962BAD3EF} = {4DD43A98-FB2D-4CEA-A845-1306B068DE97}
		{869262A7-8861-47DB-B221-49075770DF4A} = {00553BF2-7BDB-4B94-9A36-A103FCDC2254}
		{A42E741D-224D-41B8-B2EA-8C5816F5A271} = {40C16341-1E66-4FCC-9786-3EB170AE389D}
		{565392DA-7A69-4A3F-9D7F-632E5F212719} = {5C10BF47-FE07-4309-847C-E229F8790C27}
		{CF23D188-BAF6-45A8-987C-AFB78506BFA1} = {00553BF2-7BDB-4B94-9A36-A103FCDC2254}
		{AB348F54-72A8-4F73-BA8D-342052D7B3FF} = {00553BF2-7BDB-4B94-9A36-A103FCDC2254}
		{C3A38131-DF70-4C70-8EF0-A45887760093} = {00553BF2-7BDB-4B94-9A36-A103FCDC2254}
		{7EF91A88-8992-4ADE-86DD-FC02C3EE5045} = {00553BF2-7BDB-4B94-9A36-A103FCDC2254}
		{23B96490-83EE-4AC4-9A11-8778DC6728F9} = {B0DD5BF7-949A-4AE8-8EF8-C6B978F5D61D}
		{C2F60751-7F7E-4F62-BB49-8F04FE999376} = {C4A06814-DCEF-4B18-B424-42BE079617C0}
		{98B25FC8-DF70-459F-A35D-2FFFB8AFEAA0} = {40C16341-1E66-4FCC-9786-3EB170AE389D}
		{40C16341-1E66-4FCC-9786-3EB170AE389D} = {B60B1EAB-10F5-4ABE-9F76-22C568E55163}
		{CE3A1A01-8155-4C5A-AACB-EA6FED6475AB} = {B60B1EAB-10F5-4ABE-9F76-22C568E55163}
		{8BEEDFBF-DC7B-48EB-94FB-47C9F558E396} = {CE3A1A01-8155-4C5A-AACB-EA6FED6475AB}
		{DC7445CF-7091-472F-8D5E-E3A098EE04E4} = {CE3A1A01-8155-4C5A-AACB-EA6FED6475AB}
		{577771A0-CD06-4A55-94F8-2607D61CDDFA} = {C4A06814-DCEF-4B18-B424-42BE079617C0}
		{D194B8E5-9723-48E5-AFB8-5491FA374632} = {C4A06814-DCEF-4B18-B424-42BE079617C0}
		{7D318252-2031-48F3-BA49-CA8C23227AA4} = {4A259368-DA16-4ED1-BAF5-DD7CFBB37BBA}
		{AEDB3809-21BF-4989-9364-083A9DAFA330} = {AA0E3B4C-325D-4532-A566-A72C1DA7A879}
		{DB2E48A5-EA10-476A-8F52-CDC118EEF237} = {C4A06814-DCEF-4B18-B424-42BE079617C0}
	EndGlobalSection
	GlobalSection(ExtensibilityGlobals) = postSolution
		SolutionGuid = {E7CDE47F-2C5B-4671-B17D-98336F7FCC8F}
	EndGlobalSection
EndGlobal
