
Microsoft Visual Studio Solution File, Format Version 12.00
# Visual Studio Version 17
VisualStudioVersion = 17.8.34330.188
MinimumVisualStudioVersion = 10.0.40219.1
Project("{FAE04EC0-301F-11D3-BF4B-00C04F79EFBC}") = "BinarySearch", "BinarySearch\BinarySearch.csproj", "{ED7FADA3-0506-4758-95AA-FF5CFEEC8D18}"
EndProject
Project("{FAE04EC0-301F-11D3-BF4B-00C04F79EFBC}") = "BinarySearchAgnostic", "BinarySearchAgnostic\BinarySearchAgnostic.csproj", "{17D3EDB4-CAB5-47A2-8B48-938BEC10E0AF}"
EndProject
Project("{2150E333-8FDC-42A3-9474-1A3956D46DE8}") = "1. BinarySearch", "1. BinarySearch", "{4A259368-DA16-4ED1-BAF5-DD7CFBB37BBA}"
EndProject
Project("{FAE04EC0-301F-11D3-BF4B-00C04F79EFBC}") = "InfiniteArray", "InfiniteArray\InfiniteArray.csproj", "{63B7CA9A-E51D-490D-A6BB-6DF47D077206}"
EndProject
Project("{FAE04EC0-301F-11D3-BF4B-00C04F79EFBC}") = "PeakIndexInMountainArr", "PeakIndexInMountainArr\PeakIndexInMountainArr.csproj", "{3CA8479D-2B91-4379-BA44-456ADE795EFD}"
EndProject
Project("{FAE04EC0-301F-11D3-BF4B-00C04F79EFBC}") = "121. BestTimeToSell", "121. BestTimeToSell\121. BestTimeToSell.csproj", "{0A14AFB4-CD77-4B2F-A778-F27477A2694C}"
EndProject
Project("{2150E333-8FDC-42A3-9474-1A3956D46DE8}") = "2. Arrays", "2. Arrays", "{C4A06814-DCEF-4B18-B424-42BE079617C0}"
EndProject
Project("{FAE04EC0-301F-11D3-BF4B-00C04F79EFBC}") = "SearchIn2DArr", "SearchIn2DArr\SearchIn2DArr.csproj", "{17F49865-3536-49B7-9853-87E0464A973A}"
EndProject
Project("{FAE04EC0-301F-11D3-BF4B-00C04F79EFBC}") = "SearchInMountArr", "SearchInMountArr\SearchInMountArr.csproj", "{D3955212-C517-4D60-ADCF-1E5452840A06}"
EndProject
Project("{2150E333-8FDC-42A3-9474-1A3956D46DE8}") = "3. Recursion", "3. Recursion", "{89FD3299-2A15-4A13-90F1-0EDECA8295D1}"
EndProject
Project("{2150E333-8FDC-42A3-9474-1A3956D46DE8}") = "Sorting", "Sorting", "{C68953A7-9DAE-493E-A13E-A599D23AD06C}"
EndProject
Project("{FAE04EC0-301F-11D3-BF4B-00C04F79EFBC}") = "QuickSort", "QuickSort\QuickSort.csproj", "{B507B7FC-E857-45A5-B6F3-B2244AB4195A}"
EndProject
Project("{FAE04EC0-301F-11D3-BF4B-00C04F79EFBC}") = "MergeSort", "MergeSort\MergeSort.csproj", "{FE093392-1B64-4F50-ACAE-8CA55FF9994E}"
EndProject
Project("{2150E333-8FDC-42A3-9474-1A3956D46DE8}") = "Strings", "Strings", "{5C10BF47-FE07-4309-847C-E229F8790C27}"
EndProject
Project("{FAE04EC0-301F-11D3-BF4B-00C04F79EFBC}") = "Dices", "Dices\Dices.csproj", "{9E9E1332-0F3F-4556-BA4F-5C5C39F40196}"
EndProject
Project("{FAE04EC0-301F-11D3-BF4B-00C04F79EFBC}") = "Permutations", "Permutations\Permutations.csproj", "{9D612F97-DB54-43CB-85EF-395B35C2C4B9}"
EndProject
Project("{FAE04EC0-301F-11D3-BF4B-00C04F79EFBC}") = "17. LetterCombinations", "17. LetterCombinations\17. LetterCombinations.csproj", "{00032233-CFBC-45B8-B19F-123816A1B4B6}"
EndProject
Project("{FAE04EC0-301F-11D3-BF4B-00C04F79EFBC}") = "Skipping", "Skipping\Skipping.csproj", "{A35AF6CB-8F4C-4FE3-983B-E538EC3AB127}"
EndProject
Project("{FAE04EC0-301F-11D3-BF4B-00C04F79EFBC}") = "125. IsPalindrome", "125. IsPalindrome\125. IsPalindrome.csproj", "{1A6EBC1E-76BF-4B62-962A-19F5CB00B7FF}"
EndProject
Project("{FAE04EC0-301F-11D3-BF4B-00C04F79EFBC}") = "CanSum", "CanSum\CanSum.csproj", "{8A755B05-7940-4A8B-BE5D-A195E3FA0766}"
EndProject
Project("{2150E333-8FDC-42A3-9474-1A3956D46DE8}") = "4. DynamicProgramming", "4. DynamicProgramming", "{B60B1EAB-10F5-4ABE-9F76-22C568E55163}"
EndProject
Project("{FAE04EC0-301F-11D3-BF4B-00C04F79EFBC}") = "fib", "fib\fib.csproj", "{63B475F8-8681-4DF5-814A-3C0FE25C5E95}"
EndProject
Project("{FAE04EC0-301F-11D3-BF4B-00C04F79EFBC}") = "GridTravel", "GridTravel\GridTravel.csproj", "{82536E35-A624-4B09-A21E-84E33634ABB4}"
EndProject
Global
	GlobalSection(SolutionConfigurationPlatforms) = preSolution
		Debug|Any CPU = Debug|Any CPU
		Release|Any CPU = Release|Any CPU
	EndGlobalSection
	GlobalSection(ProjectConfigurationPlatforms) = postSolution
		{ED7FADA3-0506-4758-95AA-FF5CFEEC8D18}.Debug|Any CPU.ActiveCfg = Debug|Any CPU
		{ED7FADA3-0506-4758-95AA-FF5CFEEC8D18}.Debug|Any CPU.Build.0 = Debug|Any CPU
		{ED7FADA3-0506-4758-95AA-FF5CFEEC8D18}.Release|Any CPU.ActiveCfg = Release|Any CPU
		{ED7FADA3-0506-4758-95AA-FF5CFEEC8D18}.Release|Any CPU.Build.0 = Release|Any CPU
		{17D3EDB4-CAB5-47A2-8B48-938BEC10E0AF}.Debug|Any CPU.ActiveCfg = Debug|Any CPU
		{17D3EDB4-CAB5-47A2-8B48-938BEC10E0AF}.Debug|Any CPU.Build.0 = Debug|Any CPU
		{17D3EDB4-CAB5-47A2-8B48-938BEC10E0AF}.Release|Any CPU.ActiveCfg = Release|Any CPU
		{17D3EDB4-CAB5-47A2-8B48-938BEC10E0AF}.Release|Any CPU.Build.0 = Release|Any CPU
		{63B7CA9A-E51D-490D-A6BB-6DF47D077206}.Debug|Any CPU.ActiveCfg = Debug|Any CPU
		{63B7CA9A-E51D-490D-A6BB-6DF47D077206}.Debug|Any CPU.Build.0 = Debug|Any CPU
		{63B7CA9A-E51D-490D-A6BB-6DF47D077206}.Release|Any CPU.ActiveCfg = Release|Any CPU
		{63B7CA9A-E51D-490D-A6BB-6DF47D077206}.Release|Any CPU.Build.0 = Release|Any CPU
		{3CA8479D-2B91-4379-BA44-456ADE795EFD}.Debug|Any CPU.ActiveCfg = Debug|Any CPU
		{3CA8479D-2B91-4379-BA44-456ADE795EFD}.Debug|Any CPU.Build.0 = Debug|Any CPU
		{3CA8479D-2B91-4379-BA44-456ADE795EFD}.Release|Any CPU.ActiveCfg = Release|Any CPU
		{3CA8479D-2B91-4379-BA44-456ADE795EFD}.Release|Any CPU.Build.0 = Release|Any CPU
		{0A14AFB4-CD77-4B2F-A778-F27477A2694C}.Debug|Any CPU.ActiveCfg = Debug|Any CPU
		{0A14AFB4-CD77-4B2F-A778-F27477A2694C}.Debug|Any CPU.Build.0 = Debug|Any CPU
		{0A14AFB4-CD77-4B2F-A778-F27477A2694C}.Release|Any CPU.ActiveCfg = Release|Any CPU
		{0A14AFB4-CD77-4B2F-A778-F27477A2694C}.Release|Any CPU.Build.0 = Release|Any CPU
		{17F49865-3536-49B7-9853-87E0464A973A}.Debug|Any CPU.ActiveCfg = Debug|Any CPU
		{17F49865-3536-49B7-9853-87E0464A973A}.Debug|Any CPU.Build.0 = Debug|Any CPU
		{17F49865-3536-49B7-9853-87E0464A973A}.Release|Any CPU.ActiveCfg = Release|Any CPU
		{17F49865-3536-49B7-9853-87E0464A973A}.Release|Any CPU.Build.0 = Release|Any CPU
		{D3955212-C517-4D60-ADCF-1E5452840A06}.Debug|Any CPU.ActiveCfg = Debug|Any CPU
		{D3955212-C517-4D60-ADCF-1E5452840A06}.Debug|Any CPU.Build.0 = Debug|Any CPU
		{D3955212-C517-4D60-ADCF-1E5452840A06}.Release|Any CPU.ActiveCfg = Release|Any CPU
		{D3955212-C517-4D60-ADCF-1E5452840A06}.Release|Any CPU.Build.0 = Release|Any CPU
		{B507B7FC-E857-45A5-B6F3-B2244AB4195A}.Debug|Any CPU.ActiveCfg = Debug|Any CPU
		{B507B7FC-E857-45A5-B6F3-B2244AB4195A}.Debug|Any CPU.Build.0 = Debug|Any CPU
		{B507B7FC-E857-45A5-B6F3-B2244AB4195A}.Release|Any CPU.ActiveCfg = Release|Any CPU
		{B507B7FC-E857-45A5-B6F3-B2244AB4195A}.Release|Any CPU.Build.0 = Release|Any CPU
		{FE093392-1B64-4F50-ACAE-8CA55FF9994E}.Debug|Any CPU.ActiveCfg = Debug|Any CPU
		{FE093392-1B64-4F50-ACAE-8CA55FF9994E}.Debug|Any CPU.Build.0 = Debug|Any CPU
		{FE093392-1B64-4F50-ACAE-8CA55FF9994E}.Release|Any CPU.ActiveCfg = Release|Any CPU
		{FE093392-1B64-4F50-ACAE-8CA55FF9994E}.Release|Any CPU.Build.0 = Release|Any CPU
		{9E9E1332-0F3F-4556-BA4F-5C5C39F40196}.Debug|Any CPU.ActiveCfg = Debug|Any CPU
		{9E9E1332-0F3F-4556-BA4F-5C5C39F40196}.Debug|Any CPU.Build.0 = Debug|Any CPU
		{9E9E1332-0F3F-4556-BA4F-5C5C39F40196}.Release|Any CPU.ActiveCfg = Release|Any CPU
		{9E9E1332-0F3F-4556-BA4F-5C5C39F40196}.Release|Any CPU.Build.0 = Release|Any CPU
		{9D612F97-DB54-43CB-85EF-395B35C2C4B9}.Debug|Any CPU.ActiveCfg = Debug|Any CPU
		{9D612F97-DB54-43CB-85EF-395B35C2C4B9}.Debug|Any CPU.Build.0 = Debug|Any CPU
		{9D612F97-DB54-43CB-85EF-395B35C2C4B9}.Release|Any CPU.ActiveCfg = Release|Any CPU
		{9D612F97-DB54-43CB-85EF-395B35C2C4B9}.Release|Any CPU.Build.0 = Release|Any CPU
		{00032233-CFBC-45B8-B19F-123816A1B4B6}.Debug|Any CPU.ActiveCfg = Debug|Any CPU
		{00032233-CFBC-45B8-B19F-123816A1B4B6}.Debug|Any CPU.Build.0 = Debug|Any CPU
		{00032233-CFBC-45B8-B19F-123816A1B4B6}.Release|Any CPU.ActiveCfg = Release|Any CPU
		{00032233-CFBC-45B8-B19F-123816A1B4B6}.Release|Any CPU.Build.0 = Release|Any CPU
		{A35AF6CB-8F4C-4FE3-983B-E538EC3AB127}.Debug|Any CPU.ActiveCfg = Debug|Any CPU
		{A35AF6CB-8F4C-4FE3-983B-E538EC3AB127}.Debug|Any CPU.Build.0 = Debug|Any CPU
		{A35AF6CB-8F4C-4FE3-983B-E538EC3AB127}.Release|Any CPU.ActiveCfg = Release|Any CPU
		{A35AF6CB-8F4C-4FE3-983B-E538EC3AB127}.Release|Any CPU.Build.0 = Release|Any CPU
		{1A6EBC1E-76BF-4B62-962A-19F5CB00B7FF}.Debug|Any CPU.ActiveCfg = Debug|Any CPU
		{1A6EBC1E-76BF-4B62-962A-19F5CB00B7FF}.Debug|Any CPU.Build.0 = Debug|Any CPU
		{1A6EBC1E-76BF-4B62-962A-19F5CB00B7FF}.Release|Any CPU.ActiveCfg = Release|Any CPU
		{1A6EBC1E-76BF-4B62-962A-19F5CB00B7FF}.Release|Any CPU.Build.0 = Release|Any CPU
		{8A755B05-7940-4A8B-BE5D-A195E3FA0766}.Debug|Any CPU.ActiveCfg = Debug|Any CPU
		{8A755B05-7940-4A8B-BE5D-A195E3FA0766}.Debug|Any CPU.Build.0 = Debug|Any CPU
		{8A755B05-7940-4A8B-BE5D-A195E3FA0766}.Release|Any CPU.ActiveCfg = Release|Any CPU
		{8A755B05-7940-4A8B-BE5D-A195E3FA0766}.Release|Any CPU.Build.0 = Release|Any CPU
		{63B475F8-8681-4DF5-814A-3C0FE25C5E95}.Debug|Any CPU.ActiveCfg = Debug|Any CPU
		{63B475F8-8681-4DF5-814A-3C0FE25C5E95}.Debug|Any CPU.Build.0 = Debug|Any CPU
		{63B475F8-8681-4DF5-814A-3C0FE25C5E95}.Release|Any CPU.ActiveCfg = Release|Any CPU
		{63B475F8-8681-4DF5-814A-3C0FE25C5E95}.Release|Any CPU.Build.0 = Release|Any CPU
		{82536E35-A624-4B09-A21E-84E33634ABB4}.Debug|Any CPU.ActiveCfg = Debug|Any CPU
		{82536E35-A624-4B09-A21E-84E33634ABB4}.Debug|Any CPU.Build.0 = Debug|Any CPU
		{82536E35-A624-4B09-A21E-84E33634ABB4}.Release|Any CPU.ActiveCfg = Release|Any CPU
		{82536E35-A624-4B09-A21E-84E33634ABB4}.Release|Any CPU.Build.0 = Release|Any CPU
	EndGlobalSection
	GlobalSection(SolutionProperties) = preSolution
		HideSolutionNode = FALSE
	EndGlobalSection
	GlobalSection(NestedProjects) = preSolution
		{ED7FADA3-0506-4758-95AA-FF5CFEEC8D18} = {4A259368-DA16-4ED1-BAF5-DD7CFBB37BBA}
		{17D3EDB4-CAB5-47A2-8B48-938BEC10E0AF} = {4A259368-DA16-4ED1-BAF5-DD7CFBB37BBA}
		{63B7CA9A-E51D-490D-A6BB-6DF47D077206} = {4A259368-DA16-4ED1-BAF5-DD7CFBB37BBA}
		{3CA8479D-2B91-4379-BA44-456ADE795EFD} = {4A259368-DA16-4ED1-BAF5-DD7CFBB37BBA}
		{0A14AFB4-CD77-4B2F-A778-F27477A2694C} = {C4A06814-DCEF-4B18-B424-42BE079617C0}
		{17F49865-3536-49B7-9853-87E0464A973A} = {4A259368-DA16-4ED1-BAF5-DD7CFBB37BBA}
		{D3955212-C517-4D60-ADCF-1E5452840A06} = {4A259368-DA16-4ED1-BAF5-DD7CFBB37BBA}
		{C68953A7-9DAE-493E-A13E-A599D23AD06C} = {89FD3299-2A15-4A13-90F1-0EDECA8295D1}
		{B507B7FC-E857-45A5-B6F3-B2244AB4195A} = {C68953A7-9DAE-493E-A13E-A599D23AD06C}
		{FE093392-1B64-4F50-ACAE-8CA55FF9994E} = {C68953A7-9DAE-493E-A13E-A599D23AD06C}
		{5C10BF47-FE07-4309-847C-E229F8790C27} = {89FD3299-2A15-4A13-90F1-0EDECA8295D1}
		{9E9E1332-0F3F-4556-BA4F-5C5C39F40196} = {5C10BF47-FE07-4309-847C-E229F8790C27}
		{9D612F97-DB54-43CB-85EF-395B35C2C4B9} = {5C10BF47-FE07-4309-847C-E229F8790C27}
		{00032233-CFBC-45B8-B19F-123816A1B4B6} = {5C10BF47-FE07-4309-847C-E229F8790C27}
		{A35AF6CB-8F4C-4FE3-983B-E538EC3AB127} = {5C10BF47-FE07-4309-847C-E229F8790C27}
		{1A6EBC1E-76BF-4B62-962A-19F5CB00B7FF} = {5C10BF47-FE07-4309-847C-E229F8790C27}
		{8A755B05-7940-4A8B-BE5D-A195E3FA0766} = {B60B1EAB-10F5-4ABE-9F76-22C568E55163}
		{63B475F8-8681-4DF5-814A-3C0FE25C5E95} = {B60B1EAB-10F5-4ABE-9F76-22C568E55163}
		{82536E35-A624-4B09-A21E-84E33634ABB4} = {B60B1EAB-10F5-4ABE-9F76-22C568E55163}
	EndGlobalSection
	GlobalSection(ExtensibilityGlobals) = postSolution
		SolutionGuid = {E7CDE47F-2C5B-4671-B17D-98336F7FCC8F}
	EndGlobalSection
EndGlobal
